// !$*UTF8*$!
{
	archiveVersion = 1;
	classes = {
	};
	objectVersion = 46;
	objects = {
/* Begin PBXBuildFile section */
		07EF5884EF884E76A8EBD1BB /* home@2x.png in Resources */ = {isa = PBXBuildFile; fileRef = 96E522DB32AD440E9598A47F /* home@2x.png */; };
		16A14C5264EC4C8FAE406404 /* Default-568h@2x.png in Resources */ = {isa = PBXBuildFile; fileRef = 7C674962348242A3A03531F4 /* Default-568h@2x.png */; };
		17432CB91C13DEC200FE6C58 /* Images.xcassets in Resources */ = {isa = PBXBuildFile; fileRef = 17432CB81C13DEC200FE6C58 /* Images.xcassets */; };
		1AB7AFE037C14CE4A0B1F202 /* icon-40@2x.png in Resources */ = {isa = PBXBuildFile; fileRef = 8312D79CBF934141A17A6EBF /* icon-40@2x.png */; };
		2337351D30B84A2CA2ACCE50 /* hotbg@3x.png in Resources */ = {isa = PBXBuildFile; fileRef = 49440EA34614489F9AE36DCE /* hotbg@3x.png */; };
		238F8970F5CE4FC8AC7749EE /* bus@3x.png in Resources */ = {isa = PBXBuildFile; fileRef = 5DF77A28787A44809EDFCA1C /* bus@3x.png */; };
		286FE64CCB1043919C426823 /* icon-76@2x.png in Resources */ = {isa = PBXBuildFile; fileRef = A2358EA56B5C4871A49F649D /* icon-76@2x.png */; };
		384106DA1DEF426C8D960996 /* foot@2x.png in Resources */ = {isa = PBXBuildFile; fileRef = 7C8F3B38FC274296B194ADF7 /* foot@2x.png */; };
		445AC45EC6544849940C68B3 /* bike@3x.png in Resources */ = {isa = PBXBuildFile; fileRef = 205F0F9BF2B5451AB4E59360 /* bike@3x.png */; };
		4AD302F6E0CC416793B62C20 /* Default@4x.png in Resources */ = {isa = PBXBuildFile; fileRef = A432E73EC72C49DFA01FCC0B /* Default@4x.png */; };
		4BB0FC8020914790BE0BDE32 /* snowbg@3x.png in Resources */ = {isa = PBXBuildFile; fileRef = C22E56787C2B417A9E77D976 /* snowbg@3x.png */; };
		4C06CE7AC9A843CE903878D6 /* Default-Portrait@2x.png in Resources */ = {isa = PBXBuildFile; fileRef = 41E85E1AA4234080B4893B0F /* Default-Portrait@2x.png */; };
		4DC89AF43D0049C5BED7964A /* Default-Landscape@2x.png in Resources */ = {isa = PBXBuildFile; fileRef = DA7CE0365E9047B997587CE3 /* Default-Landscape@2x.png */; };
		4E8FB9EB31594182906B5213 /* icon@2x.png in Resources */ = {isa = PBXBuildFile; fileRef = 3E9A7CECEF4F438A805FEB04 /* icon@2x.png */; };
		5268CF528343470295CCDB77 /* bike.png in Resources */ = {isa = PBXBuildFile; fileRef = 276FACD988D04454896074AA /* bike.png */; };
		579FBB5EA7294967A61252DF /* time@2x.png in Resources */ = {isa = PBXBuildFile; fileRef = F813BD09FA2D4F71A40021F2 /* time@2x.png */; };
		5C3D3D34182F4EC3934A11D8 /* week@3x.png in Resources */ = {isa = PBXBuildFile; fileRef = E5207B43A6C342F9904E16B9 /* week@3x.png */; };
		5D52849F42AB4ADFB189A861 /* time@3x.png in Resources */ = {isa = PBXBuildFile; fileRef = 901B0ECEEB8B40BAA9A14D3C /* time@3x.png */; };
		5E3E47E026BF4E5B9A60D9F3 /* day.png in Resources */ = {isa = PBXBuildFile; fileRef = 58D522F1B4ED48AC9E7607A1 /* day.png */; };
		5FE19C8DCCC94FB7A178E05E /* coldbg@2x.png in Resources */ = {isa = PBXBuildFile; fileRef = AFAF5AC6FA7B410AA6C5DE28 /* coldbg@2x.png */; };
		61BD9EF070E7428B85D5CD59 /* icon-40@3x.png in Resources */ = {isa = PBXBuildFile; fileRef = 94D91F9E74C44F01975598CF /* icon-40@3x.png */; };
		640207F1D7B64C0F88BCF84B /* Icon-Small.png in Resources */ = {isa = PBXBuildFile; fileRef = 3D05435DFA8C47C6B29B486B /* Icon-Small.png */; };
		654D88BD66A34BCA962E1B74 /* Default-Portrait.png in Resources */ = {isa = PBXBuildFile; fileRef = 683A253515574F4484E3AABA /* Default-Portrait.png */; };
		6778A3CF1FAA4611A3328B65 /* Icon-Small-50.png in Resources */ = {isa = PBXBuildFile; fileRef = 1F3F4F684FFC495E901382FE /* Icon-Small-50.png */; };
		6D32FE21616746C28C3B71C7 /* snowbg.png in Resources */ = {isa = PBXBuildFile; fileRef = 0646B7CA400D49B29230285D /* snowbg.png */; };
		6F9A89800E234AD99B1E6D16 /* icon-72.png in Resources */ = {isa = PBXBuildFile; fileRef = DBBDB40003E34852A913D169 /* icon-72.png */; };
		701DBC34FFB84AB3BC0C2BD5 /* icon-60@2x.png in Resources */ = {isa = PBXBuildFile; fileRef = 5AE37760525745F08D47E18E /* icon-60@2x.png */; };
		7225EC6C313E4942BCBD11A7 /* week@2x.png in Resources */ = {isa = PBXBuildFile; fileRef = EA7D72213E74475DBA57C68A /* week@2x.png */; };
		7CAE08D0A4D14C11B81A766B /* home@3x.png in Resources */ = {isa = PBXBuildFile; fileRef = 1F8D210C1B0744AB955ED194 /* home@3x.png */; };
		81C697242EAF4B61BF503E23 /* settings@3x.png in Resources */ = {isa = PBXBuildFile; fileRef = A8AD27B4E1F94475BBAFF565 /* settings@3x.png */; };
		82BC10CB723C4E06AF4F6F4D /* bus.png in Resources */ = {isa = PBXBuildFile; fileRef = 9A954743B1184AC59FFC1C66 /* bus.png */; };
		8320EDA6F4A44FD2ACC884C0 /* sun@3x.png in Resources */ = {isa = PBXBuildFile; fileRef = A5847B4386C9414D9AD41166 /* sun@3x.png */; };
		837B4109CB0A481CA6EBC7EC /* coldbg@3x.png in Resources */ = {isa = PBXBuildFile; fileRef = 454EFEE09C0940FFB64B1132 /* coldbg@3x.png */; };
		84333711FDE1416EA5EF1B61 /* car@2x.png in Resources */ = {isa = PBXBuildFile; fileRef = A1A6A3805CE24A828001CB6D /* car@2x.png */; };
		853986BA8FA6410F925E9D84 /* icon.png in Resources */ = {isa = PBXBuildFile; fileRef = 06D092C68D97408F921F9974 /* icon.png */; };
		858B842D18CA22B800AB12DE /* InfoPlist.strings in Resources */ = {isa = PBXBuildFile; fileRef = 858B833A18CA111C00AB12DE /* InfoPlist.strings */; };
		87B3A25FFD3F45A68398414A /* foot@3x.png in Resources */ = {isa = PBXBuildFile; fileRef = 5347605280494AA0AF98E6A3 /* foot@3x.png */; };
		88227F5B012B46D9BF468238 /* home.png in Resources */ = {isa = PBXBuildFile; fileRef = 69659256E5894CB8A3566987 /* home.png */; };
		894D031B19A244569E6A634D /* icon-76.png in Resources */ = {isa = PBXBuildFile; fileRef = 59282A93692142B7B651177F /* icon-76.png */; };
		8FF8A9429C9A454299679F16 /* rainbg@2x.png in Resources */ = {isa = PBXBuildFile; fileRef = 1E4B0D5C9B1F4FBDBCD7E89D /* rainbg@2x.png */; };
		900A3FBDE2B54389B359CB9E /* car@3x.png in Resources */ = {isa = PBXBuildFile; fileRef = 32BD3CF4CB97454A95F078AA /* car@3x.png */; };
		94084E88DCC04D20AA99D434 /* Icon-Small@2x.png in Resources */ = {isa = PBXBuildFile; fileRef = C783322CCF604358BCC16DFC /* Icon-Small@2x.png */; };
		9BE8267DE9A241FAABCFB75D /* Default-Portrait-1024.png in Resources */ = {isa = PBXBuildFile; fileRef = 0CBA4549FCB24DFFA09B077D /* Default-Portrait-1024.png */; };
		9CAC482768B24F51BCE97622 /* Default.png in Resources */ = {isa = PBXBuildFile; fileRef = 63BEF556D7EA4FB79342ECFF /* Default.png */; };
		9FAD26CB879645F0A7C050C0 /* week.png in Resources */ = {isa = PBXBuildFile; fileRef = F54BFE9ED66B400AB6DE2652 /* week.png */; };
		A42398598CAC4DDE970B51AC /* settings.png in Resources */ = {isa = PBXBuildFile; fileRef = 78261AA151C643FD893BA839 /* settings.png */; };
		A46595382BCA4DBCB3A6DEB2 /* foot.png in Resources */ = {isa = PBXBuildFile; fileRef = D1D1DBE53D4C46F386D7A773 /* foot.png */; };
		ACF998F78CBF4A46B9CC7226 /* time.png in Resources */ = {isa = PBXBuildFile; fileRef = 81B41463200A4606B926C7FA /* time.png */; };
		B282FDE8E937481FAD7CD67A /* Icon-Small-50@2x.png in Resources */ = {isa = PBXBuildFile; fileRef = 8086A68ED6874299A02B10C2 /* Icon-Small-50@2x.png */; };
		B8B17CE2DFDC4259835E1B00 /* rainbg.png in Resources */ = {isa = PBXBuildFile; fileRef = 63E60D85434C43E49ACB53C4 /* rainbg.png */; };
		BA95C9CF91234AB2B7C06AE8 /* rainbg@3x.png in Resources */ = {isa = PBXBuildFile; fileRef = 247A4CA0B9AF41518E05F4F4 /* rainbg@3x.png */; };
		BB0D48301E9E4B338985E11F /* Default-Landscape.png in Resources */ = {isa = PBXBuildFile; fileRef = D5105743B0314E0BBE83CD90 /* Default-Landscape.png */; };
		BBD680E308984B9EA03020FB /* warmbg.png in Resources */ = {isa = PBXBuildFile; fileRef = 87C51B7B83674607A072FE0B /* warmbg.png */; };
		BEA33D39470D4CD3A7195DEE /* bike@2x.png in Resources */ = {isa = PBXBuildFile; fileRef = 515956BB39F44D7EBA2B54AF /* bike@2x.png */; };
		C0EB71FE166E4D3D83AF7527 /* bus@2x.png in Resources */ = {isa = PBXBuildFile; fileRef = 35867A6073634BEE937B98BC /* bus@2x.png */; };
		C2164BC56CA54925A18E9139 /* icon-72@2x.png in Resources */ = {isa = PBXBuildFile; fileRef = D6B92048FF424FF780C4F5A9 /* icon-72@2x.png */; };
		C34F207396B4425B8397AFA5 /* warmbg@3x.png in Resources */ = {isa = PBXBuildFile; fileRef = DFED044112CB4898951E98F3 /* warmbg@3x.png */; };
		C54BC103820242F5B9C1FD52 /* warmbg@2x.png in Resources */ = {isa = PBXBuildFile; fileRef = DC483B1CC1394882A7FD5FAD /* warmbg@2x.png */; };
		C8910A5C604E42FC9DE8DAFE /* settings@2x.png in Resources */ = {isa = PBXBuildFile; fileRef = 55FB03E33B674BCDA821DD24 /* settings@2x.png */; };
		CB31BE64943C4C76A05DABD0 /* hotbg.png in Resources */ = {isa = PBXBuildFile; fileRef = 1D3030B1507540FAB96ED13F /* hotbg.png */; };
		CCF5D0EAE09C4CC7B20BE649 /* icon-60@3x.png in Resources */ = {isa = PBXBuildFile; fileRef = 3AB7725F1DFF48F2920CCBAA /* icon-60@3x.png */; };
		CD45EE7C18DC2D5800FB50C0 /* app in Resources */ = {isa = PBXBuildFile; fileRef = CD45EE7A18DC2D5800FB50C0 /* app */; };
		CD6014D4A18443B39C61C716 /* icon-40.png in Resources */ = {isa = PBXBuildFile; fileRef = 41DE64D8FC324AB883EFD29B /* icon-40.png */; };
		CD62955D1BB2678900AE3A93 /* main.m in Sources */ = {isa = PBXBuildFile; fileRef = CD62955C1BB2678900AE3A93 /* main.m */; };
		D7C3AFDB262C45C196C82D8B /* coldbg.png in Resources */ = {isa = PBXBuildFile; fileRef = 44C29A364A70451F9E04A9B4 /* coldbg.png */; };
		D8B5D649AF1844399DEE4E1A /* Default-Portrait@2x-2048.png in Resources */ = {isa = PBXBuildFile; fileRef = C9EDB8EDBE8F4B50B3C559DF /* Default-Portrait@2x-2048.png */; };
		DA2A26D6C6214BC8A383A924 /* sun@2x.png in Resources */ = {isa = PBXBuildFile; fileRef = DA6577AC4FED4B428C2D976F /* sun@2x.png */; };
		DA98A393131E4087AF89CB22 /* icon-60.png in Resources */ = {isa = PBXBuildFile; fileRef = DBB7ED3EB9494E34B42408F3 /* icon-60.png */; };
		DD69B502E47F4FA6A401FF17 /* hotbg@2x.png in Resources */ = {isa = PBXBuildFile; fileRef = F6809756E37249BDB692372F /* hotbg@2x.png */; };
		E528ED9667BB4EB4B6B8E5A4 /* Default@2x.png in Resources */ = {isa = PBXBuildFile; fileRef = 894806FD4EF24204826FD204 /* Default@2x.png */; };
		E86F0C62F5774D499AE7C5C6 /* snowbg@2x.png in Resources */ = {isa = PBXBuildFile; fileRef = 61C1A62EAB744D9FB29D6307 /* snowbg@2x.png */; };
		EC5699DC65654581B142A291 /* sun.png in Resources */ = {isa = PBXBuildFile; fileRef = EFFEA04463204379A36C4640 /* sun.png */; };
		ED536A90DABE440997A25DFF /* car.png in Resources */ = {isa = PBXBuildFile; fileRef = 6747492E03E74371B1377021 /* car.png */; };
		F3FF8BE40A9043759EB581FB /* day@2x.png in Resources */ = {isa = PBXBuildFile; fileRef = 766FC805B1194EB7B0DF6A55 /* day@2x.png */; };
		F7440F1EA8354DA983854966 /* Icon-Small@3x.png in Resources */ = {isa = PBXBuildFile; fileRef = 3F2A2DAAF86C4E34BF43BF26 /* Icon-Small@3x.png */; };
		FDAFC34599A045B7998124B6 /* day@3x.png in Resources */ = {isa = PBXBuildFile; fileRef = 41F9D9F4C64B4681BC401C09 /* day@3x.png */; };
/* End PBXBuildFile section */

/* Begin PBXCopyFilesBuildPhase section */
		85F5BDFC1A9363BE006B9701 /* Embed Frameworks */ = {
			isa = PBXCopyFilesBuildPhase;
			buildActionMask = 2147483647;
			dstPath = "";
			dstSubfolderSpec = 10;
			files = (
			);
			name = "Embed Frameworks";
			runOnlyForDeploymentPostprocessing = 0;
		};
/* End PBXCopyFilesBuildPhase section */

/* Begin PBXFileReference section */
		0646B7CA400D49B29230285D /* snowbg.png */ = {isa = PBXFileReference; lastKnownFileType = image.png; name = snowbg.png; path = schoolbellweather/Resources/snowbg.png; sourceTree = "<group>"; };
		06D092C68D97408F921F9974 /* icon.png */ = {isa = PBXFileReference; lastKnownFileType = image.png; name = icon.png; path = schoolbellweather/Resources/icon.png; sourceTree = "<group>"; };
		0CBA4549FCB24DFFA09B077D /* Default-Portrait-1024.png */ = {isa = PBXFileReference; lastKnownFileType = image.png; name = "Default-Portrait-1024.png"; path = "schoolbellweather/Resources/Default-Portrait-1024.png"; sourceTree = "<group>"; };
		17432CB81C13DEC200FE6C58 /* Images.xcassets */ = {isa = PBXFileReference; lastKnownFileType = folder.assetcatalog; path = Images.xcassets; sourceTree = "<group>"; };
		1D3030B1507540FAB96ED13F /* hotbg.png */ = {isa = PBXFileReference; lastKnownFileType = image.png; name = hotbg.png; path = schoolbellweather/Resources/hotbg.png; sourceTree = "<group>"; };
		1E4B0D5C9B1F4FBDBCD7E89D /* rainbg@2x.png */ = {isa = PBXFileReference; lastKnownFileType = image.png; name = "rainbg@2x.png"; path = "schoolbellweather/Resources/rainbg@2x.png"; sourceTree = "<group>"; };
		1F3F4F684FFC495E901382FE /* Icon-Small-50.png */ = {isa = PBXFileReference; lastKnownFileType = image.png; name = "Icon-Small-50.png"; path = "schoolbellweather/Resources/Icon-Small-50.png"; sourceTree = "<group>"; };
		1F8D210C1B0744AB955ED194 /* home@3x.png */ = {isa = PBXFileReference; lastKnownFileType = image.png; name = "home@3x.png"; path = "schoolbellweather/Resources/home@3x.png"; sourceTree = "<group>"; };
		205F0F9BF2B5451AB4E59360 /* bike@3x.png */ = {isa = PBXFileReference; lastKnownFileType = image.png; name = "bike@3x.png"; path = "schoolbellweather/Resources/bike@3x.png"; sourceTree = "<group>"; };
		247A4CA0B9AF41518E05F4F4 /* rainbg@3x.png */ = {isa = PBXFileReference; lastKnownFileType = image.png; name = "rainbg@3x.png"; path = "schoolbellweather/Resources/rainbg@3x.png"; sourceTree = "<group>"; };
		276FACD988D04454896074AA /* bike.png */ = {isa = PBXFileReference; lastKnownFileType = image.png; name = bike.png; path = schoolbellweather/Resources/bike.png; sourceTree = "<group>"; };
		32BD3CF4CB97454A95F078AA /* car@3x.png */ = {isa = PBXFileReference; lastKnownFileType = image.png; name = "car@3x.png"; path = "schoolbellweather/Resources/car@3x.png"; sourceTree = "<group>"; };
		35867A6073634BEE937B98BC /* bus@2x.png */ = {isa = PBXFileReference; lastKnownFileType = image.png; name = "bus@2x.png"; path = "schoolbellweather/Resources/bus@2x.png"; sourceTree = "<group>"; };
		3AB7725F1DFF48F2920CCBAA /* icon-60@3x.png */ = {isa = PBXFileReference; lastKnownFileType = image.png; name = "icon-60@3x.png"; path = "schoolbellweather/Resources/icon-60@3x.png"; sourceTree = "<group>"; };
		3D05435DFA8C47C6B29B486B /* Icon-Small.png */ = {isa = PBXFileReference; lastKnownFileType = image.png; name = "Icon-Small.png"; path = "schoolbellweather/Resources/Icon-Small.png"; sourceTree = "<group>"; };
		3E9A7CECEF4F438A805FEB04 /* icon@2x.png */ = {isa = PBXFileReference; lastKnownFileType = image.png; name = "icon@2x.png"; path = "schoolbellweather/Resources/icon@2x.png"; sourceTree = "<group>"; };
		3F2A2DAAF86C4E34BF43BF26 /* Icon-Small@3x.png */ = {isa = PBXFileReference; lastKnownFileType = image.png; name = "Icon-Small@3x.png"; path = "schoolbellweather/Resources/Icon-Small@3x.png"; sourceTree = "<group>"; };
		41DE64D8FC324AB883EFD29B /* icon-40.png */ = {isa = PBXFileReference; lastKnownFileType = image.png; name = "icon-40.png"; path = "schoolbellweather/Resources/icon-40.png"; sourceTree = "<group>"; };
		41E85E1AA4234080B4893B0F /* Default-Portrait@2x.png */ = {isa = PBXFileReference; lastKnownFileType = image.png; name = "Default-Portrait@2x.png"; path = "schoolbellweather/Resources/Default-Portrait@2x.png"; sourceTree = "<group>"; };
		41F9D9F4C64B4681BC401C09 /* day@3x.png */ = {isa = PBXFileReference; lastKnownFileType = image.png; name = "day@3x.png"; path = "schoolbellweather/Resources/day@3x.png"; sourceTree = "<group>"; };
		44C29A364A70451F9E04A9B4 /* coldbg.png */ = {isa = PBXFileReference; lastKnownFileType = image.png; name = coldbg.png; path = schoolbellweather/Resources/coldbg.png; sourceTree = "<group>"; };
		454EFEE09C0940FFB64B1132 /* coldbg@3x.png */ = {isa = PBXFileReference; lastKnownFileType = image.png; name = "coldbg@3x.png"; path = "schoolbellweather/Resources/coldbg@3x.png"; sourceTree = "<group>"; };
		49440EA34614489F9AE36DCE /* hotbg@3x.png */ = {isa = PBXFileReference; lastKnownFileType = image.png; name = "hotbg@3x.png"; path = "schoolbellweather/Resources/hotbg@3x.png"; sourceTree = "<group>"; };
		515956BB39F44D7EBA2B54AF /* bike@2x.png */ = {isa = PBXFileReference; lastKnownFileType = image.png; name = "bike@2x.png"; path = "schoolbellweather/Resources/bike@2x.png"; sourceTree = "<group>"; };
		5347605280494AA0AF98E6A3 /* foot@3x.png */ = {isa = PBXFileReference; lastKnownFileType = image.png; name = "foot@3x.png"; path = "schoolbellweather/Resources/foot@3x.png"; sourceTree = "<group>"; };
		55FB03E33B674BCDA821DD24 /* settings@2x.png */ = {isa = PBXFileReference; lastKnownFileType = image.png; name = "settings@2x.png"; path = "schoolbellweather/Resources/settings@2x.png"; sourceTree = "<group>"; };
		58D522F1B4ED48AC9E7607A1 /* day.png */ = {isa = PBXFileReference; lastKnownFileType = image.png; name = day.png; path = schoolbellweather/Resources/day.png; sourceTree = "<group>"; };
		59282A93692142B7B651177F /* icon-76.png */ = {isa = PBXFileReference; lastKnownFileType = image.png; name = "icon-76.png"; path = "schoolbellweather/Resources/icon-76.png"; sourceTree = "<group>"; };
		5AE37760525745F08D47E18E /* icon-60@2x.png */ = {isa = PBXFileReference; lastKnownFileType = image.png; name = "icon-60@2x.png"; path = "schoolbellweather/Resources/icon-60@2x.png"; sourceTree = "<group>"; };
		5DF77A28787A44809EDFCA1C /* bus@3x.png */ = {isa = PBXFileReference; lastKnownFileType = image.png; name = "bus@3x.png"; path = "schoolbellweather/Resources/bus@3x.png"; sourceTree = "<group>"; };
		61C1A62EAB744D9FB29D6307 /* snowbg@2x.png */ = {isa = PBXFileReference; lastKnownFileType = image.png; name = "snowbg@2x.png"; path = "schoolbellweather/Resources/snowbg@2x.png"; sourceTree = "<group>"; };
		63BEF556D7EA4FB79342ECFF /* Default.png */ = {isa = PBXFileReference; lastKnownFileType = image.png; name = Default.png; path = schoolbellweather/Resources/Default.png; sourceTree = "<group>"; };
		63E60D85434C43E49ACB53C4 /* rainbg.png */ = {isa = PBXFileReference; lastKnownFileType = image.png; name = rainbg.png; path = schoolbellweather/Resources/rainbg.png; sourceTree = "<group>"; };
		6747492E03E74371B1377021 /* car.png */ = {isa = PBXFileReference; lastKnownFileType = image.png; name = car.png; path = schoolbellweather/Resources/car.png; sourceTree = "<group>"; };
		683A253515574F4484E3AABA /* Default-Portrait.png */ = {isa = PBXFileReference; lastKnownFileType = image.png; name = "Default-Portrait.png"; path = "schoolbellweather/Resources/Default-Portrait.png"; sourceTree = "<group>"; };
		69659256E5894CB8A3566987 /* home.png */ = {isa = PBXFileReference; lastKnownFileType = image.png; name = home.png; path = schoolbellweather/Resources/home.png; sourceTree = "<group>"; };
		766FC805B1194EB7B0DF6A55 /* day@2x.png */ = {isa = PBXFileReference; lastKnownFileType = image.png; name = "day@2x.png"; path = "schoolbellweather/Resources/day@2x.png"; sourceTree = "<group>"; };
		78261AA151C643FD893BA839 /* settings.png */ = {isa = PBXFileReference; lastKnownFileType = image.png; name = settings.png; path = schoolbellweather/Resources/settings.png; sourceTree = "<group>"; };
		7C674962348242A3A03531F4 /* Default-568h@2x.png */ = {isa = PBXFileReference; lastKnownFileType = image.png; name = "Default-568h@2x.png"; path = "schoolbellweather/Resources/Default-568h@2x.png"; sourceTree = "<group>"; };
		7C8F3B38FC274296B194ADF7 /* foot@2x.png */ = {isa = PBXFileReference; lastKnownFileType = image.png; name = "foot@2x.png"; path = "schoolbellweather/Resources/foot@2x.png"; sourceTree = "<group>"; };
		8086A68ED6874299A02B10C2 /* Icon-Small-50@2x.png */ = {isa = PBXFileReference; lastKnownFileType = image.png; name = "Icon-Small-50@2x.png"; path = "schoolbellweather/Resources/Icon-Small-50@2x.png"; sourceTree = "<group>"; };
		81B41463200A4606B926C7FA /* time.png */ = {isa = PBXFileReference; lastKnownFileType = image.png; name = time.png; path = schoolbellweather/Resources/time.png; sourceTree = "<group>"; };
		8312D79CBF934141A17A6EBF /* icon-40@2x.png */ = {isa = PBXFileReference; lastKnownFileType = image.png; name = "icon-40@2x.png"; path = "schoolbellweather/Resources/icon-40@2x.png"; sourceTree = "<group>"; };
		858B832E18CA111C00AB12DE /* schoolbellweather.app */ = {isa = PBXFileReference; explicitFileType = wrapper.application; includeInIndex = 0; path = schoolbellweather.app; sourceTree = BUILT_PRODUCTS_DIR; };
		858B833918CA111C00AB12DE /* schoolbellweather-Info.plist */ = {isa = PBXFileReference; lastKnownFileType = text.plist.xml; path = "schoolbellweather-Info.plist"; sourceTree = "<group>"; };
		858B833B18CA111C00AB12DE /* en */ = {isa = PBXFileReference; lastKnownFileType = text.plist.strings; name = en; path = en.lproj/InfoPlist.strings; sourceTree = "<group>"; };
		858B833F18CA111C00AB12DE /* schoolbellweather-Prefix.pch */ = {isa = PBXFileReference; lastKnownFileType = sourcecode.c.h; path = "schoolbellweather-Prefix.pch"; sourceTree = "<group>"; };
		858B843318CA22B800AB12DE /* schoolbellweather.app */ = {isa = PBXFileReference; explicitFileType = wrapper.application; includeInIndex = 0; path = schoolbellweather.app; sourceTree = BUILT_PRODUCTS_DIR; };
		87C51B7B83674607A072FE0B /* warmbg.png */ = {isa = PBXFileReference; lastKnownFileType = image.png; name = warmbg.png; path = schoolbellweather/Resources/warmbg.png; sourceTree = "<group>"; };
		894806FD4EF24204826FD204 /* Default@2x.png */ = {isa = PBXFileReference; lastKnownFileType = image.png; name = "Default@2x.png"; path = "schoolbellweather/Resources/Default@2x.png"; sourceTree = "<group>"; };
		901B0ECEEB8B40BAA9A14D3C /* time@3x.png */ = {isa = PBXFileReference; lastKnownFileType = image.png; name = "time@3x.png"; path = "schoolbellweather/Resources/time@3x.png"; sourceTree = "<group>"; };
		94D91F9E74C44F01975598CF /* icon-40@3x.png */ = {isa = PBXFileReference; lastKnownFileType = image.png; name = "icon-40@3x.png"; path = "schoolbellweather/Resources/icon-40@3x.png"; sourceTree = "<group>"; };
		96E522DB32AD440E9598A47F /* home@2x.png */ = {isa = PBXFileReference; lastKnownFileType = image.png; name = "home@2x.png"; path = "schoolbellweather/Resources/home@2x.png"; sourceTree = "<group>"; };
		9A954743B1184AC59FFC1C66 /* bus.png */ = {isa = PBXFileReference; lastKnownFileType = image.png; name = bus.png; path = schoolbellweather/Resources/bus.png; sourceTree = "<group>"; };
		A1A6A3805CE24A828001CB6D /* car@2x.png */ = {isa = PBXFileReference; lastKnownFileType = image.png; name = "car@2x.png"; path = "schoolbellweather/Resources/car@2x.png"; sourceTree = "<group>"; };
		A2358EA56B5C4871A49F649D /* icon-76@2x.png */ = {isa = PBXFileReference; lastKnownFileType = image.png; name = "icon-76@2x.png"; path = "schoolbellweather/Resources/icon-76@2x.png"; sourceTree = "<group>"; };
		A432E73EC72C49DFA01FCC0B /* Default@4x.png */ = {isa = PBXFileReference; lastKnownFileType = image.png; name = "Default@4x.png"; path = "schoolbellweather/Resources/Default@4x.png"; sourceTree = "<group>"; };
		A5847B4386C9414D9AD41166 /* sun@3x.png */ = {isa = PBXFileReference; lastKnownFileType = image.png; name = "sun@3x.png"; path = "schoolbellweather/Resources/sun@3x.png"; sourceTree = "<group>"; };
		A8AD27B4E1F94475BBAFF565 /* settings@3x.png */ = {isa = PBXFileReference; lastKnownFileType = image.png; name = "settings@3x.png"; path = "schoolbellweather/Resources/settings@3x.png"; sourceTree = "<group>"; };
		AFAF5AC6FA7B410AA6C5DE28 /* coldbg@2x.png */ = {isa = PBXFileReference; lastKnownFileType = image.png; name = "coldbg@2x.png"; path = "schoolbellweather/Resources/coldbg@2x.png"; sourceTree = "<group>"; };
		C22E56787C2B417A9E77D976 /* snowbg@3x.png */ = {isa = PBXFileReference; lastKnownFileType = image.png; name = "snowbg@3x.png"; path = "schoolbellweather/Resources/snowbg@3x.png"; sourceTree = "<group>"; };
		C783322CCF604358BCC16DFC /* Icon-Small@2x.png */ = {isa = PBXFileReference; lastKnownFileType = image.png; name = "Icon-Small@2x.png"; path = "schoolbellweather/Resources/Icon-Small@2x.png"; sourceTree = "<group>"; };
		C9EDB8EDBE8F4B50B3C559DF /* Default-Portrait@2x-2048.png */ = {isa = PBXFileReference; lastKnownFileType = image.png; name = "Default-Portrait@2x-2048.png"; path = "schoolbellweather/Resources/Default-Portrait@2x-2048.png"; sourceTree = "<group>"; };
		CD45EE7A18DC2D5800FB50C0 /* app */ = {isa = PBXFileReference; lastKnownFileType = folder; path = app; sourceTree = "<group>"; };
		CD62955C1BB2678900AE3A93 /* main.m */ = {isa = PBXFileReference; fileEncoding = 4; lastKnownFileType = sourcecode.c.objc; name = main.m; path = internal/main.m; sourceTree = SOURCE_ROOT; };
		CDD59A261BB43B5D00EC2671 /* build-debug.xcconfig */ = {isa = PBXFileReference; fileEncoding = 4; lastKnownFileType = text.xcconfig; path = "build-debug.xcconfig"; sourceTree = "<group>"; };
		CDD59A271BB43B5D00EC2671 /* build-release.xcconfig */ = {isa = PBXFileReference; fileEncoding = 4; lastKnownFileType = text.xcconfig; path = "build-release.xcconfig"; sourceTree = "<group>"; };
		CDF4743E1BA4855C0087EA85 /* build.xcconfig */ = {isa = PBXFileReference; fileEncoding = 4; lastKnownFileType = text.xcconfig; path = build.xcconfig; sourceTree = "<group>"; };
		D1D1DBE53D4C46F386D7A773 /* foot.png */ = {isa = PBXFileReference; lastKnownFileType = image.png; name = foot.png; path = schoolbellweather/Resources/foot.png; sourceTree = "<group>"; };
		D5105743B0314E0BBE83CD90 /* Default-Landscape.png */ = {isa = PBXFileReference; lastKnownFileType = image.png; name = "Default-Landscape.png"; path = "schoolbellweather/Resources/Default-Landscape.png"; sourceTree = "<group>"; };
		D6B92048FF424FF780C4F5A9 /* icon-72@2x.png */ = {isa = PBXFileReference; lastKnownFileType = image.png; name = "icon-72@2x.png"; path = "schoolbellweather/Resources/icon-72@2x.png"; sourceTree = "<group>"; };
		DA6577AC4FED4B428C2D976F /* sun@2x.png */ = {isa = PBXFileReference; lastKnownFileType = image.png; name = "sun@2x.png"; path = "schoolbellweather/Resources/sun@2x.png"; sourceTree = "<group>"; };
		DA7CE0365E9047B997587CE3 /* Default-Landscape@2x.png */ = {isa = PBXFileReference; lastKnownFileType = image.png; name = "Default-Landscape@2x.png"; path = "schoolbellweather/Resources/Default-Landscape@2x.png"; sourceTree = "<group>"; };
		DBB7ED3EB9494E34B42408F3 /* icon-60.png */ = {isa = PBXFileReference; lastKnownFileType = image.png; name = "icon-60.png"; path = "schoolbellweather/Resources/icon-60.png"; sourceTree = "<group>"; };
		DBBDB40003E34852A913D169 /* icon-72.png */ = {isa = PBXFileReference; lastKnownFileType = image.png; name = "icon-72.png"; path = "schoolbellweather/Resources/icon-72.png"; sourceTree = "<group>"; };
		DC483B1CC1394882A7FD5FAD /* warmbg@2x.png */ = {isa = PBXFileReference; lastKnownFileType = image.png; name = "warmbg@2x.png"; path = "schoolbellweather/Resources/warmbg@2x.png"; sourceTree = "<group>"; };
		DFED044112CB4898951E98F3 /* warmbg@3x.png */ = {isa = PBXFileReference; lastKnownFileType = image.png; name = "warmbg@3x.png"; path = "schoolbellweather/Resources/warmbg@3x.png"; sourceTree = "<group>"; };
		E5207B43A6C342F9904E16B9 /* week@3x.png */ = {isa = PBXFileReference; lastKnownFileType = image.png; name = "week@3x.png"; path = "schoolbellweather/Resources/week@3x.png"; sourceTree = "<group>"; };
		EA7D72213E74475DBA57C68A /* week@2x.png */ = {isa = PBXFileReference; lastKnownFileType = image.png; name = "week@2x.png"; path = "schoolbellweather/Resources/week@2x.png"; sourceTree = "<group>"; };
		EFFEA04463204379A36C4640 /* sun.png */ = {isa = PBXFileReference; lastKnownFileType = image.png; name = sun.png; path = schoolbellweather/Resources/sun.png; sourceTree = "<group>"; };
		F54BFE9ED66B400AB6DE2652 /* week.png */ = {isa = PBXFileReference; lastKnownFileType = image.png; name = week.png; path = schoolbellweather/Resources/week.png; sourceTree = "<group>"; };
		F6809756E37249BDB692372F /* hotbg@2x.png */ = {isa = PBXFileReference; lastKnownFileType = image.png; name = "hotbg@2x.png"; path = "schoolbellweather/Resources/hotbg@2x.png"; sourceTree = "<group>"; };
		F813BD09FA2D4F71A40021F2 /* time@2x.png */ = {isa = PBXFileReference; lastKnownFileType = image.png; name = "time@2x.png"; path = "schoolbellweather/Resources/time@2x.png"; sourceTree = "<group>"; };
		F9B8C6A31ACEDEEB00547416 /* en */ = {isa = PBXFileReference; lastKnownFileType = file.xib; name = en; path = en.lproj/LaunchScreen.xib; sourceTree = "<group>"; };
/* End PBXFileReference section */

/* Begin PBXFrameworksBuildPhase section */
		858B83F418CA22B800AB12DE /* Frameworks */ = {
			isa = PBXFrameworksBuildPhase;
			buildActionMask = 2147483647;
			files = (
			);
			runOnlyForDeploymentPostprocessing = 0;
		};
/* End PBXFrameworksBuildPhase section */

/* Begin PBXGroup section */
		858B832518CA111C00AB12DE = {
			isa = PBXGroup;
			children = (
				E070579D1B39A9D000214BF1 /* Resources */,
				858B833718CA111C00AB12DE /* schoolbellweather */,
				858B833018CA111C00AB12DE /* Frameworks */,
				858B832F18CA111C00AB12DE /* Products */,
			);
			sourceTree = "<group>";
		};
		858B832F18CA111C00AB12DE /* Products */ = {
			isa = PBXGroup;
			children = (
				858B832E18CA111C00AB12DE /* schoolbellweather.app */,
				858B843318CA22B800AB12DE /* schoolbellweather.app */,
			);
			name = Products;
			sourceTree = "<group>";
		};
		858B833018CA111C00AB12DE /* Frameworks */ = {
			isa = PBXGroup;
			children = (
			);
			name = Frameworks;
			sourceTree = "<group>";
		};
		858B833718CA111C00AB12DE /* schoolbellweather */ = {
			isa = PBXGroup;
			children = (
				CD45EE7A18DC2D5800FB50C0 /* app */,
				F9B8C6A21ACEDEEB00547416 /* LaunchScreen.xib */,
				17432CB81C13DEC200FE6C58 /* Images.xcassets */,
				858B833818CA111C00AB12DE /* Supporting Files */,
			);
			path = schoolbellweather;
			sourceTree = "<group>";
		};
		858B833818CA111C00AB12DE /* Supporting Files */ = {
			isa = PBXGroup;
			children = (
				CDF4743E1BA4855C0087EA85 /* build.xcconfig */,
				CDD59A261BB43B5D00EC2671 /* build-debug.xcconfig */,
				CDD59A271BB43B5D00EC2671 /* build-release.xcconfig */,
				858B833918CA111C00AB12DE /* schoolbellweather-Info.plist */,
				858B833A18CA111C00AB12DE /* InfoPlist.strings */,
				CD62955C1BB2678900AE3A93 /* main.m */,
				858B833F18CA111C00AB12DE /* schoolbellweather-Prefix.pch */,
			);
			name = "Supporting Files";
			sourceTree = "<group>";
		};
		E070579D1B39A9D000214BF1 /* Resources */ = {
			isa = PBXGroup;
			children = (
				7C674962348242A3A03531F4 /* Default-568h@2x.png */,
				D5105743B0314E0BBE83CD90 /* Default-Landscape.png */,
				DA7CE0365E9047B997587CE3 /* Default-Landscape@2x.png */,
				0CBA4549FCB24DFFA09B077D /* Default-Portrait-1024.png */,
				683A253515574F4484E3AABA /* Default-Portrait.png */,
				C9EDB8EDBE8F4B50B3C559DF /* Default-Portrait@2x-2048.png */,
				41E85E1AA4234080B4893B0F /* Default-Portrait@2x.png */,
				63BEF556D7EA4FB79342ECFF /* Default.png */,
				894806FD4EF24204826FD204 /* Default@2x.png */,
				A432E73EC72C49DFA01FCC0B /* Default@4x.png */,
				1F3F4F684FFC495E901382FE /* Icon-Small-50.png */,
				8086A68ED6874299A02B10C2 /* Icon-Small-50@2x.png */,
				3D05435DFA8C47C6B29B486B /* Icon-Small.png */,
				C783322CCF604358BCC16DFC /* Icon-Small@2x.png */,
				3F2A2DAAF86C4E34BF43BF26 /* Icon-Small@3x.png */,
				276FACD988D04454896074AA /* bike.png */,
				515956BB39F44D7EBA2B54AF /* bike@2x.png */,
				205F0F9BF2B5451AB4E59360 /* bike@3x.png */,
				9A954743B1184AC59FFC1C66 /* bus.png */,
				35867A6073634BEE937B98BC /* bus@2x.png */,
				5DF77A28787A44809EDFCA1C /* bus@3x.png */,
				6747492E03E74371B1377021 /* car.png */,
				A1A6A3805CE24A828001CB6D /* car@2x.png */,
				32BD3CF4CB97454A95F078AA /* car@3x.png */,
				44C29A364A70451F9E04A9B4 /* coldbg.png */,
				AFAF5AC6FA7B410AA6C5DE28 /* coldbg@2x.png */,
				454EFEE09C0940FFB64B1132 /* coldbg@3x.png */,
				58D522F1B4ED48AC9E7607A1 /* day.png */,
				766FC805B1194EB7B0DF6A55 /* day@2x.png */,
				41F9D9F4C64B4681BC401C09 /* day@3x.png */,
				D1D1DBE53D4C46F386D7A773 /* foot.png */,
				7C8F3B38FC274296B194ADF7 /* foot@2x.png */,
				5347605280494AA0AF98E6A3 /* foot@3x.png */,
				69659256E5894CB8A3566987 /* home.png */,
				96E522DB32AD440E9598A47F /* home@2x.png */,
				1F8D210C1B0744AB955ED194 /* home@3x.png */,
				1D3030B1507540FAB96ED13F /* hotbg.png */,
				F6809756E37249BDB692372F /* hotbg@2x.png */,
				49440EA34614489F9AE36DCE /* hotbg@3x.png */,
				41DE64D8FC324AB883EFD29B /* icon-40.png */,
				8312D79CBF934141A17A6EBF /* icon-40@2x.png */,
				94D91F9E74C44F01975598CF /* icon-40@3x.png */,
				DBB7ED3EB9494E34B42408F3 /* icon-60.png */,
				5AE37760525745F08D47E18E /* icon-60@2x.png */,
				3AB7725F1DFF48F2920CCBAA /* icon-60@3x.png */,
				DBBDB40003E34852A913D169 /* icon-72.png */,
				D6B92048FF424FF780C4F5A9 /* icon-72@2x.png */,
				59282A93692142B7B651177F /* icon-76.png */,
				A2358EA56B5C4871A49F649D /* icon-76@2x.png */,
				06D092C68D97408F921F9974 /* icon.png */,
				3E9A7CECEF4F438A805FEB04 /* icon@2x.png */,
				63E60D85434C43E49ACB53C4 /* rainbg.png */,
				1E4B0D5C9B1F4FBDBCD7E89D /* rainbg@2x.png */,
				247A4CA0B9AF41518E05F4F4 /* rainbg@3x.png */,
				78261AA151C643FD893BA839 /* settings.png */,
				55FB03E33B674BCDA821DD24 /* settings@2x.png */,
				A8AD27B4E1F94475BBAFF565 /* settings@3x.png */,
				0646B7CA400D49B29230285D /* snowbg.png */,
				61C1A62EAB744D9FB29D6307 /* snowbg@2x.png */,
				C22E56787C2B417A9E77D976 /* snowbg@3x.png */,
				EFFEA04463204379A36C4640 /* sun.png */,
				DA6577AC4FED4B428C2D976F /* sun@2x.png */,
				A5847B4386C9414D9AD41166 /* sun@3x.png */,
				81B41463200A4606B926C7FA /* time.png */,
				F813BD09FA2D4F71A40021F2 /* time@2x.png */,
				901B0ECEEB8B40BAA9A14D3C /* time@3x.png */,
				87C51B7B83674607A072FE0B /* warmbg.png */,
				DC483B1CC1394882A7FD5FAD /* warmbg@2x.png */,
				DFED044112CB4898951E98F3 /* warmbg@3x.png */,
				F54BFE9ED66B400AB6DE2652 /* week.png */,
				EA7D72213E74475DBA57C68A /* week@2x.png */,
				E5207B43A6C342F9904E16B9 /* week@3x.png */,
			);
			name = Resources;
			sourceTree = "<group>";
		};
/* End PBXGroup section */

/* Begin PBXNativeTarget section */
		858B83EF18CA22B800AB12DE /* schoolbellweather */ = {
			isa = PBXNativeTarget;
			buildConfigurationList = 858B843018CA22B800AB12DE /* Build configuration list for PBXNativeTarget "schoolbellweather" */;
			buildPhases = (
				C97FD7AC1ADE5369004DB2A4 /* NativeScript PreBuild */,
				858B83F218CA22B800AB12DE /* Sources */,
				CD62955B1BB2651D00AE3A93 /* NativeScript PreLink */,
				858B83F418CA22B800AB12DE /* Frameworks */,
				858B842C18CA22B800AB12DE /* Resources */,
				85F5BDFC1A9363BE006B9701 /* Embed Frameworks */,
				CD3EAD351B05FF060042DBFC /* NativeScript PostBuild */,
			);
			buildRules = (
			);
			dependencies = (
			);
			name = schoolbellweather;
			productName = JDBridgeApp;
			productReference = 858B843318CA22B800AB12DE /* schoolbellweather.app */;
			productType = "com.apple.product-type.application";
		};
/* End PBXNativeTarget section */

/* Begin PBXProject section */
		858B832618CA111C00AB12DE /* Project object */ = {
			isa = PBXProject;
			attributes = {
				CLASSPREFIX = TNS;
				LastUpgradeCheck = 710;
				ORGANIZATIONNAME = Telerik;
			};
			buildConfigurationList = 858B832918CA111C00AB12DE /* Build configuration list for PBXProject "schoolbellweather" */;
			compatibilityVersion = "Xcode 3.2";
			developmentRegion = English;
			hasScannedForEncodings = 0;
			knownRegions = (
				en,
			);
			mainGroup = 858B832518CA111C00AB12DE;
			productRefGroup = 858B832F18CA111C00AB12DE /* Products */;
			projectDirPath = "";
			projectRoot = "";
			targets = (
				858B83EF18CA22B800AB12DE /* schoolbellweather */,
			);
		};
/* End PBXProject section */

/* Begin PBXResourcesBuildPhase section */
		858B842C18CA22B800AB12DE /* Resources */ = {
			isa = PBXResourcesBuildPhase;
			buildActionMask = 2147483647;
			files = (
				CD45EE7C18DC2D5800FB50C0 /* app in Resources */,
				858B842D18CA22B800AB12DE /* InfoPlist.strings in Resources */,
				16A14C5264EC4C8FAE406404 /* Default-568h@2x.png in Resources */,
				BB0D48301E9E4B338985E11F /* Default-Landscape.png in Resources */,
				4DC89AF43D0049C5BED7964A /* Default-Landscape@2x.png in Resources */,
				9BE8267DE9A241FAABCFB75D /* Default-Portrait-1024.png in Resources */,
				654D88BD66A34BCA962E1B74 /* Default-Portrait.png in Resources */,
				D8B5D649AF1844399DEE4E1A /* Default-Portrait@2x-2048.png in Resources */,
				4C06CE7AC9A843CE903878D6 /* Default-Portrait@2x.png in Resources */,
				9CAC482768B24F51BCE97622 /* Default.png in Resources */,
				E528ED9667BB4EB4B6B8E5A4 /* Default@2x.png in Resources */,
				4AD302F6E0CC416793B62C20 /* Default@4x.png in Resources */,
				6778A3CF1FAA4611A3328B65 /* Icon-Small-50.png in Resources */,
				B282FDE8E937481FAD7CD67A /* Icon-Small-50@2x.png in Resources */,
				640207F1D7B64C0F88BCF84B /* Icon-Small.png in Resources */,
				17432CB91C13DEC200FE6C58 /* Images.xcassets in Resources */,
				94084E88DCC04D20AA99D434 /* Icon-Small@2x.png in Resources */,
				F7440F1EA8354DA983854966 /* Icon-Small@3x.png in Resources */,
				5268CF528343470295CCDB77 /* bike.png in Resources */,
				BEA33D39470D4CD3A7195DEE /* bike@2x.png in Resources */,
				445AC45EC6544849940C68B3 /* bike@3x.png in Resources */,
				82BC10CB723C4E06AF4F6F4D /* bus.png in Resources */,
				C0EB71FE166E4D3D83AF7527 /* bus@2x.png in Resources */,
				238F8970F5CE4FC8AC7749EE /* bus@3x.png in Resources */,
				ED536A90DABE440997A25DFF /* car.png in Resources */,
				84333711FDE1416EA5EF1B61 /* car@2x.png in Resources */,
				900A3FBDE2B54389B359CB9E /* car@3x.png in Resources */,
				D7C3AFDB262C45C196C82D8B /* coldbg.png in Resources */,
				5FE19C8DCCC94FB7A178E05E /* coldbg@2x.png in Resources */,
				837B4109CB0A481CA6EBC7EC /* coldbg@3x.png in Resources */,
				5E3E47E026BF4E5B9A60D9F3 /* day.png in Resources */,
				F3FF8BE40A9043759EB581FB /* day@2x.png in Resources */,
				FDAFC34599A045B7998124B6 /* day@3x.png in Resources */,
				A46595382BCA4DBCB3A6DEB2 /* foot.png in Resources */,
				384106DA1DEF426C8D960996 /* foot@2x.png in Resources */,
				87B3A25FFD3F45A68398414A /* foot@3x.png in Resources */,
				88227F5B012B46D9BF468238 /* home.png in Resources */,
				07EF5884EF884E76A8EBD1BB /* home@2x.png in Resources */,
				7CAE08D0A4D14C11B81A766B /* home@3x.png in Resources */,
				CB31BE64943C4C76A05DABD0 /* hotbg.png in Resources */,
				DD69B502E47F4FA6A401FF17 /* hotbg@2x.png in Resources */,
				2337351D30B84A2CA2ACCE50 /* hotbg@3x.png in Resources */,
				CD6014D4A18443B39C61C716 /* icon-40.png in Resources */,
				1AB7AFE037C14CE4A0B1F202 /* icon-40@2x.png in Resources */,
				61BD9EF070E7428B85D5CD59 /* icon-40@3x.png in Resources */,
				DA98A393131E4087AF89CB22 /* icon-60.png in Resources */,
				701DBC34FFB84AB3BC0C2BD5 /* icon-60@2x.png in Resources */,
				CCF5D0EAE09C4CC7B20BE649 /* icon-60@3x.png in Resources */,
				6F9A89800E234AD99B1E6D16 /* icon-72.png in Resources */,
				C2164BC56CA54925A18E9139 /* icon-72@2x.png in Resources */,
				894D031B19A244569E6A634D /* icon-76.png in Resources */,
				286FE64CCB1043919C426823 /* icon-76@2x.png in Resources */,
				853986BA8FA6410F925E9D84 /* icon.png in Resources */,
				4E8FB9EB31594182906B5213 /* icon@2x.png in Resources */,
				B8B17CE2DFDC4259835E1B00 /* rainbg.png in Resources */,
				8FF8A9429C9A454299679F16 /* rainbg@2x.png in Resources */,
				BA95C9CF91234AB2B7C06AE8 /* rainbg@3x.png in Resources */,
				A42398598CAC4DDE970B51AC /* settings.png in Resources */,
				C8910A5C604E42FC9DE8DAFE /* settings@2x.png in Resources */,
				81C697242EAF4B61BF503E23 /* settings@3x.png in Resources */,
				6D32FE21616746C28C3B71C7 /* snowbg.png in Resources */,
				E86F0C62F5774D499AE7C5C6 /* snowbg@2x.png in Resources */,
				4BB0FC8020914790BE0BDE32 /* snowbg@3x.png in Resources */,
				EC5699DC65654581B142A291 /* sun.png in Resources */,
				DA2A26D6C6214BC8A383A924 /* sun@2x.png in Resources */,
				8320EDA6F4A44FD2ACC884C0 /* sun@3x.png in Resources */,
				ACF998F78CBF4A46B9CC7226 /* time.png in Resources */,
				579FBB5EA7294967A61252DF /* time@2x.png in Resources */,
				5D52849F42AB4ADFB189A861 /* time@3x.png in Resources */,
				BBD680E308984B9EA03020FB /* warmbg.png in Resources */,
				C54BC103820242F5B9C1FD52 /* warmbg@2x.png in Resources */,
				C34F207396B4425B8397AFA5 /* warmbg@3x.png in Resources */,
				9FAD26CB879645F0A7C050C0 /* week.png in Resources */,
				7225EC6C313E4942BCBD11A7 /* week@2x.png in Resources */,
				5C3D3D34182F4EC3934A11D8 /* week@3x.png in Resources */,
			);
			runOnlyForDeploymentPostprocessing = 0;
		};
/* End PBXResourcesBuildPhase section */

/* Begin PBXShellScriptBuildPhase section */
		C97FD7AC1ADE5369004DB2A4 /* NativeScript PreBuild */ = {
			isa = PBXShellScriptBuildPhase;
			buildActionMask = 2147483647;
			files = (
			);
			inputPaths = (
			);
			name = "NativeScript PreBuild";
			outputPaths = (
			);
			runOnlyForDeploymentPostprocessing = 0;
			shellPath = /bin/sh;
			shellScript = "\"$SRCROOT/internal/nativescript-pre-build\"";
			showEnvVarsInLog = 0;
		};
		CD3EAD351B05FF060042DBFC /* NativeScript PostBuild */ = {
			isa = PBXShellScriptBuildPhase;
			buildActionMask = 2147483647;
			files = (
			);
			inputPaths = (
			);
			name = "NativeScript PostBuild";
			outputPaths = (
			);
			runOnlyForDeploymentPostprocessing = 0;
			shellPath = /bin/sh;
			shellScript = "\"$SRCROOT/internal/nativescript-post-build\"";
			showEnvVarsInLog = 0;
		};
		CD62955B1BB2651D00AE3A93 /* NativeScript PreLink */ = {
			isa = PBXShellScriptBuildPhase;
			buildActionMask = 2147483647;
			files = (
			);
			inputPaths = (
			);
			name = "NativeScript PreLink";
			outputPaths = (
			);
			runOnlyForDeploymentPostprocessing = 0;
			shellPath = /bin/sh;
			shellScript = "\"$SRCROOT/internal/nativescript-pre-link\"";
			showEnvVarsInLog = 0;
		};
/* End PBXShellScriptBuildPhase section */

/* Begin PBXSourcesBuildPhase section */
		858B83F218CA22B800AB12DE /* Sources */ = {
			isa = PBXSourcesBuildPhase;
			buildActionMask = 2147483647;
			files = (
				CD62955D1BB2678900AE3A93 /* main.m in Sources */,
			);
			runOnlyForDeploymentPostprocessing = 0;
		};
/* End PBXSourcesBuildPhase section */

/* Begin PBXVariantGroup section */
		858B833A18CA111C00AB12DE /* InfoPlist.strings */ = {
			isa = PBXVariantGroup;
			children = (
				858B833B18CA111C00AB12DE /* en */,
			);
			name = InfoPlist.strings;
			sourceTree = "<group>";
		};
		F9B8C6A21ACEDEEB00547416 /* LaunchScreen.xib */ = {
			isa = PBXVariantGroup;
			children = (
				F9B8C6A31ACEDEEB00547416 /* en */,
			);
			name = LaunchScreen.xib;
			sourceTree = "<group>";
		};
/* End PBXVariantGroup section */

/* Begin XCBuildConfiguration section */
		858B835818CA111C00AB12DE /* Debug */ = {
			isa = XCBuildConfiguration;
			buildSettings = {
				ALWAYS_SEARCH_USER_PATHS = NO;
				CLANG_CXX_LANGUAGE_STANDARD = "gnu++0x";
				CLANG_CXX_LIBRARY = "libc++";
				CLANG_ENABLE_MODULES = YES;
				CLANG_ENABLE_OBJC_ARC = YES;
				CLANG_WARN_BOOL_CONVERSION = YES;
				CLANG_WARN_CONSTANT_CONVERSION = YES;
				CLANG_WARN_DIRECT_OBJC_ISA_USAGE = YES_ERROR;
				CLANG_WARN_EMPTY_BODY = YES;
				CLANG_WARN_ENUM_CONVERSION = YES;
				CLANG_WARN_INT_CONVERSION = YES;
				CLANG_WARN_OBJC_ROOT_CLASS = YES_ERROR;
				CLANG_WARN__DUPLICATE_METHOD_MATCH = YES;
				"CODE_SIGN_IDENTITY[sdk=iphoneos*]" = "iPhone Developer";
				COPY_PHASE_STRIP = NO;
				ENABLE_TESTABILITY = YES;
				GCC_C_LANGUAGE_STANDARD = gnu99;
				GCC_DYNAMIC_NO_PIC = NO;
				GCC_OPTIMIZATION_LEVEL = 0;
				GCC_SYMBOLS_PRIVATE_EXTERN = NO;
				GCC_WARN_64_TO_32_BIT_CONVERSION = YES;
				GCC_WARN_ABOUT_RETURN_TYPE = YES_ERROR;
				GCC_WARN_UNDECLARED_SELECTOR = YES;
				GCC_WARN_UNINITIALIZED_AUTOS = YES;
				GCC_WARN_UNUSED_FUNCTION = YES;
				GCC_WARN_UNUSED_VARIABLE = YES;
				IPHONEOS_DEPLOYMENT_TARGET = 8.0;
				ONLY_ACTIVE_ARCH = YES;
				PROVISIONING_PROFILE = "e45ce56a-f4ee-4960-a718-3fe8f9608ba7";
				SDKROOT = iphoneos;
				TARGETED_DEVICE_FAMILY = "1,2";
				VALID_ARCHS = "armv7 arm64";
			};
			name = Debug;
		};
		858B835918CA111C00AB12DE /* Release */ = {
			isa = XCBuildConfiguration;
			buildSettings = {
				ALWAYS_SEARCH_USER_PATHS = NO;
				CLANG_CXX_LANGUAGE_STANDARD = "gnu++0x";
				CLANG_CXX_LIBRARY = "libc++";
				CLANG_ENABLE_MODULES = YES;
				CLANG_ENABLE_OBJC_ARC = YES;
				CLANG_WARN_BOOL_CONVERSION = YES;
				CLANG_WARN_CONSTANT_CONVERSION = YES;
				CLANG_WARN_DIRECT_OBJC_ISA_USAGE = YES_ERROR;
				CLANG_WARN_EMPTY_BODY = YES;
				CLANG_WARN_ENUM_CONVERSION = YES;
				CLANG_WARN_INT_CONVERSION = YES;
				CLANG_WARN_OBJC_ROOT_CLASS = YES_ERROR;
				CLANG_WARN__DUPLICATE_METHOD_MATCH = YES;
				CODE_SIGN_IDENTITY = "iPhone Distribution: Jen Looper (JWHXD9EYG5)";
				"CODE_SIGN_IDENTITY[sdk=iphoneos*]" = "iPhone Distribution: Jen Looper (JWHXD9EYG5)";
				COPY_PHASE_STRIP = YES;
				ENABLE_NS_ASSERTIONS = NO;
				GCC_C_LANGUAGE_STANDARD = gnu99;
				GCC_WARN_64_TO_32_BIT_CONVERSION = YES;
				GCC_WARN_ABOUT_RETURN_TYPE = YES_ERROR;
				GCC_WARN_UNDECLARED_SELECTOR = YES;
				GCC_WARN_UNINITIALIZED_AUTOS = YES;
				GCC_WARN_UNUSED_FUNCTION = YES;
				GCC_WARN_UNUSED_VARIABLE = YES;
				IPHONEOS_DEPLOYMENT_TARGET = 8.0;
				PROVISIONING_PROFILE = "e45ce56a-f4ee-4960-a718-3fe8f9608ba7";
				SDKROOT = iphoneos;
				TARGETED_DEVICE_FAMILY = "1,2";
				VALIDATE_PRODUCT = YES;
				VALID_ARCHS = "armv7 arm64";
			};
			name = Release;
		};
		858B843118CA22B800AB12DE /* Debug */ = {
			isa = XCBuildConfiguration;
			baseConfigurationReference = CDD59A261BB43B5D00EC2671 /* build-debug.xcconfig */;
			buildSettings = {
				ASSETCATALOG_COMPILER_APPICON_NAME = AppIcon;
				CLANG_ENABLE_MODULES = NO;
				CLANG_MODULES_AUTOLINK = NO;
				ENABLE_BITCODE = NO;
				GCC_PRECOMPILE_PREFIX_HEADER = YES;
				GCC_PREFIX_HEADER = "schoolbellweather/schoolbellweather-Prefix.pch";
				GCC_PREPROCESSOR_DEFINITIONS = (
					"$(inherited)",
					"DEBUG=1",
				);
				INFOPLIST_FILE = "$(SRCROOT)/schoolbellweather/schoolbellweather-Info.plist";
				IPHONEOS_DEPLOYMENT_TARGET = 8.0;
				LD_RUNPATH_SEARCH_PATHS = "$(inherited) @executable_path/Frameworks";
				PRODUCT_BUNDLE_IDENTIFIER = com.ladeezfirstmedia.schoolbellweather;
				PRODUCT_NAME = schoolbellweather;
				VALID_ARCHS = "armv7 arm64";
				WRAPPER_EXTENSION = app;
			};
			name = Debug;
		};
		858B843218CA22B800AB12DE /* Release */ = {
			isa = XCBuildConfiguration;
			baseConfigurationReference = CDD59A271BB43B5D00EC2671 /* build-release.xcconfig */;
			buildSettings = {
				ASSETCATALOG_COMPILER_APPICON_NAME = AppIcon;
				CLANG_ENABLE_MODULES = NO;
				CLANG_MODULES_AUTOLINK = NO;
				CODE_SIGN_IDENTITY = "iPhone Distribution";
				ENABLE_BITCODE = NO;
				GCC_PRECOMPILE_PREFIX_HEADER = YES;
				GCC_PREFIX_HEADER = "schoolbellweather/schoolbellweather-Prefix.pch";
				INFOPLIST_FILE = "$(SRCROOT)/schoolbellweather/schoolbellweather-Info.plist";
				IPHONEOS_DEPLOYMENT_TARGET = 8.0;
				LD_RUNPATH_SEARCH_PATHS = "$(inherited) @executable_path/Frameworks";
				PRODUCT_BUNDLE_IDENTIFIER = com.ladeezfirstmedia.schoolbellweather;
				PRODUCT_NAME = schoolbellweather;
				VALID_ARCHS = "armv7 arm64";
				WRAPPER_EXTENSION = app;
			};
			name = Release;
		};
/* End XCBuildConfiguration section */

/* Begin XCConfigurationList section */
		858B832918CA111C00AB12DE /* Build configuration list for PBXProject "schoolbellweather" */ = {
			isa = XCConfigurationList;
			buildConfigurations = (
				858B835818CA111C00AB12DE /* Debug */,
				858B835918CA111C00AB12DE /* Release */,
			);
			defaultConfigurationIsVisible = 0;
			defaultConfigurationName = Release;
		};
		858B843018CA22B800AB12DE /* Build configuration list for PBXNativeTarget "schoolbellweather" */ = {
			isa = XCConfigurationList;
			buildConfigurations = (
				858B843118CA22B800AB12DE /* Debug */,
				858B843218CA22B800AB12DE /* Release */,
			);
			defaultConfigurationIsVisible = 0;
			defaultConfigurationName = Release;
		};
/* End XCConfigurationList section */
	};
	rootObject = 858B832618CA111C00AB12DE /* Project object */;
}
